
Microsoft Visual Studio Solution File, Format Version 12.00
# Visual Studio 15
VisualStudioVersion = 15.0.28307.329
MinimumVisualStudioVersion = 10.0.40219.1
Project("{FAE04EC0-301F-11D3-BF4B-00C04F79EFBC}") = "MusicHW", "MusicHW\MusicHW.csproj", "{A9281DBF-D26E-4F8B-8929-287C045F239E}"
EndProject
Project("{FAE04EC0-301F-11D3-BF4B-00C04F79EFBC}") = "MusicHW.Models", "MusicHW.Models\MusicHW.Models.csproj", "{7F90E905-AF9A-4C01-A7AA-BA665A8087F8}"
EndProject
Project("{FAE04EC0-301F-11D3-BF4B-00C04F79EFBC}") = "MusicHW.DataAccess", "MusicHW.DataAccess\MusicHW.DataAccess.csproj", "{DC04E3BE-C421-4B46-A228-3DE1E7931383}"
EndProject
Global
	GlobalSection(SolutionConfigurationPlatforms) = preSolution
		Debug|Any CPU = Debug|Any CPU
		Release|Any CPU = Release|Any CPU
	EndGlobalSection
	GlobalSection(ProjectConfigurationPlatforms) = postSolution
		{A9281DBF-D26E-4F8B-8929-287C045F239E}.Debug|Any CPU.ActiveCfg = Debug|Any CPU
		{A9281DBF-D26E-4F8B-8929-287C045F239E}.Debug|Any CPU.Build.0 = Debug|Any CPU
		{A9281DBF-D26E-4F8B-8929-287C045F239E}.Release|Any CPU.ActiveCfg = Release|Any CPU
		{A9281DBF-D26E-4F8B-8929-287C045F239E}.Release|Any CPU.Build.0 = Release|Any CPU
		{7F90E905-AF9A-4C01-A7AA-BA665A8087F8}.Debug|Any CPU.ActiveCfg = Debug|Any CPU
		{7F90E905-AF9A-4C01-A7AA-BA665A8087F8}.Debug|Any CPU.Build.0 = Debug|Any CPU
		{7F90E905-AF9A-4C01-A7AA-BA665A8087F8}.Release|Any CPU.ActiveCfg = Release|Any CPU
		{7F90E905-AF9A-4C01-A7AA-BA665A8087F8}.Release|Any CPU.Build.0 = Release|Any CPU
		{DC04E3BE-C421-4B46-A228-3DE1E7931383}.Debug|Any CPU.ActiveCfg = Debug|Any CPU
		{DC04E3BE-C421-4B46-A228-3DE1E7931383}.Debug|Any CPU.Build.0 = Debug|Any CPU
		{DC04E3BE-C421-4B46-A228-3DE1E7931383}.Release|Any CPU.ActiveCfg = Release|Any CPU
		{DC04E3BE-C421-4B46-A228-3DE1E7931383}.Release|Any CPU.Build.0 = Release|Any CPU
	EndGlobalSection
	GlobalSection(SolutionProperties) = preSolution
		HideSolutionNode = FALSE
	EndGlobalSection
	GlobalSection(ExtensibilityGlobals) = postSolution
		SolutionGuid = {D65A1408-EF3C-44D5-9FF3-CDE220862882}
	EndGlobalSection
EndGlobal
